// !$*UTF8*$!
{
	archiveVersion = 1;
	classes = {
	};
	objectVersion = 55;
	objects = {

/* Begin PBXBuildFile section */
		BD76A1852C8E4B0700BF44F6 /* LocationsListVIew.swift in Sources */ = {isa = PBXBuildFile; fileRef = BD76A1842C8E4B0700BF44F6 /* LocationsListVIew.swift */; };
		BDC771C22C8E1012002D836A /* HigherBlueApp.swift in Sources */ = {isa = PBXBuildFile; fileRef = BDC771C12C8E1012002D836A /* HigherBlueApp.swift */; };
		BDC771C42C8E1012002D836A /* ContentView.swift in Sources */ = {isa = PBXBuildFile; fileRef = BDC771C32C8E1012002D836A /* ContentView.swift */; };
		BDC771C92C8E1014002D836A /* Preview Assets.xcassets in Resources */ = {isa = PBXBuildFile; fileRef = BDC771C82C8E1014002D836A /* Preview Assets.xcassets */; };
		BDC771D12C8E10B4002D836A /* LocationsDataService.swift in Sources */ = {isa = PBXBuildFile; fileRef = BDC771D02C8E10B4002D836A /* LocationsDataService.swift */; };
		BDC771D42C8E10F1002D836A /* Locations.swift in Sources */ = {isa = PBXBuildFile; fileRef = BDC771D32C8E10F1002D836A /* Locations.swift */; };
		BDC771D72C8E1156002D836A /* LocationsView.swift in Sources */ = {isa = PBXBuildFile; fileRef = BDC771D62C8E1156002D836A /* LocationsView.swift */; };
		BDC771DA2C8E1187002D836A /* SplashScreenView.swift in Sources */ = {isa = PBXBuildFile; fileRef = BDC771D92C8E1187002D836A /* SplashScreenView.swift */; };
		BDC771DD2C8E11C8002D836A /* LocationsViewModel.swift in Sources */ = {isa = PBXBuildFile; fileRef = BDC771DC2C8E11C8002D836A /* LocationsViewModel.swift */; };
		BDC771DF2C8E1281002D836A /* Assets.xcassets in Resources */ = {isa = PBXBuildFile; fileRef = BDC771DE2C8E1281002D836A /* Assets.xcassets */; };
/* End PBXBuildFile section */

/* Begin PBXFileReference section */
		BD76A1842C8E4B0700BF44F6 /* LocationsListVIew.swift */ = {isa = PBXFileReference; lastKnownFileType = sourcecode.swift; path = LocationsListVIew.swift; sourceTree = "<group>"; };
		BDC771BE2C8E1012002D836A /* HigherBlue.app */ = {isa = PBXFileReference; explicitFileType = wrapper.application; includeInIndex = 0; path = HigherBlue.app; sourceTree = BUILT_PRODUCTS_DIR; };
		BDC771C12C8E1012002D836A /* HigherBlueApp.swift */ = {isa = PBXFileReference; lastKnownFileType = sourcecode.swift; path = HigherBlueApp.swift; sourceTree = "<group>"; };
		BDC771C32C8E1012002D836A /* ContentView.swift */ = {isa = PBXFileReference; lastKnownFileType = sourcecode.swift; path = ContentView.swift; sourceTree = "<group>"; };
		BDC771C82C8E1014002D836A /* Preview Assets.xcassets */ = {isa = PBXFileReference; lastKnownFileType = folder.assetcatalog; path = "Preview Assets.xcassets"; sourceTree = "<group>"; };
		BDC771D02C8E10B4002D836A /* LocationsDataService.swift */ = {isa = PBXFileReference; lastKnownFileType = sourcecode.swift; path = LocationsDataService.swift; sourceTree = "<group>"; };
		BDC771D32C8E10F1002D836A /* Locations.swift */ = {isa = PBXFileReference; lastKnownFileType = sourcecode.swift; path = Locations.swift; sourceTree = "<group>"; };
		BDC771D62C8E1156002D836A /* LocationsView.swift */ = {isa = PBXFileReference; lastKnownFileType = sourcecode.swift; path = LocationsView.swift; sourceTree = "<group>"; };
		BDC771D92C8E1187002D836A /* SplashScreenView.swift */ = {isa = PBXFileReference; lastKnownFileType = sourcecode.swift; path = SplashScreenView.swift; sourceTree = "<group>"; };
		BDC771DC2C8E11C8002D836A /* LocationsViewModel.swift */ = {isa = PBXFileReference; lastKnownFileType = sourcecode.swift; path = LocationsViewModel.swift; sourceTree = "<group>"; };
		BDC771DE2C8E1281002D836A /* Assets.xcassets */ = {isa = PBXFileReference; lastKnownFileType = folder.assetcatalog; path = Assets.xcassets; sourceTree = "<group>"; };
/* End PBXFileReference section */

/* Begin PBXFrameworksBuildPhase section */
		BDC771BB2C8E1012002D836A /* Frameworks */ = {
			isa = PBXFrameworksBuildPhase;
			buildActionMask = 2147483647;
			files = (
			);
			runOnlyForDeploymentPostprocessing = 0;
		};
/* End PBXFrameworksBuildPhase section */

/* Begin PBXGroup section */
		BDC771B52C8E1012002D836A = {
			isa = PBXGroup;
			children = (
				BDC771C02C8E1012002D836A /* HigherBlue */,
				BDC771BF2C8E1012002D836A /* Products */,
			);
			sourceTree = "<group>";
		};
		BDC771BF2C8E1012002D836A /* Products */ = {
			isa = PBXGroup;
			children = (
				BDC771BE2C8E1012002D836A /* HigherBlue.app */,
			);
			name = Products;
			sourceTree = "<group>";
		};
		BDC771C02C8E1012002D836A /* HigherBlue */ = {
			isa = PBXGroup;
			children = (
				BDC771C12C8E1012002D836A /* HigherBlueApp.swift */,
				BDC771C32C8E1012002D836A /* ContentView.swift */,
				BDC771D22C8E10E2002D836A /* Models */,
				BDC771D52C8E111C002D836A /* Views */,
				BDC771DB2C8E11A8002D836A /* ViewModels */,
				BDC771CF2C8E109B002D836A /* DataServices */,
				BDC771DE2C8E1281002D836A /* Assets.xcassets */,
				BDC771C72C8E1014002D836A /* Preview Content */,
			);
			path = HigherBlue;
			sourceTree = "<group>";
		};
		BDC771C72C8E1014002D836A /* Preview Content */ = {
			isa = PBXGroup;
			children = (
				BDC771C82C8E1014002D836A /* Preview Assets.xcassets */,
			);
			path = "Preview Content";
			sourceTree = "<group>";
		};
		BDC771CF2C8E109B002D836A /* DataServices */ = {
			isa = PBXGroup;
			children = (
				BDC771D02C8E10B4002D836A /* LocationsDataService.swift */,
			);
			path = DataServices;
			sourceTree = "<group>";
		};
		BDC771D22C8E10E2002D836A /* Models */ = {
			isa = PBXGroup;
			children = (
				BDC771D32C8E10F1002D836A /* Locations.swift */,
			);
			path = Models;
			sourceTree = "<group>";
		};
		BDC771D52C8E111C002D836A /* Views */ = {
			isa = PBXGroup;
			children = (
				BDC771D62C8E1156002D836A /* LocationsView.swift */,
				BDC771D92C8E1187002D836A /* SplashScreenView.swift */,
				BD76A1842C8E4B0700BF44F6 /* LocationsListVIew.swift */,
			);
			path = Views;
			sourceTree = "<group>";
		};
		BDC771DB2C8E11A8002D836A /* ViewModels */ = {
			isa = PBXGroup;
			children = (
				BDC771DC2C8E11C8002D836A /* LocationsViewModel.swift */,
			);
			path = ViewModels;
			sourceTree = "<group>";
		};
/* End PBXGroup section */

/* Begin PBXNativeTarget section */
		BDC771BD2C8E1012002D836A /* HigherBlue */ = {
			isa = PBXNativeTarget;
			buildConfigurationList = BDC771CC2C8E1014002D836A /* Build configuration list for PBXNativeTarget "HigherBlue" */;
			buildPhases = (
				BDC771BA2C8E1012002D836A /* Sources */,
				BDC771BB2C8E1012002D836A /* Frameworks */,
				BDC771BC2C8E1012002D836A /* Resources */,
			);
			buildRules = (
			);
			dependencies = (
			);
			name = HigherBlue;
			productName = HigherBlue;
			productReference = BDC771BE2C8E1012002D836A /* HigherBlue.app */;
			productType = "com.apple.product-type.application";
		};
/* End PBXNativeTarget section */

/* Begin PBXProject section */
		BDC771B62C8E1012002D836A /* Project object */ = {
			isa = PBXProject;
			attributes = {
				BuildIndependentTargetsInParallel = 1;
				LastSwiftUpdateCheck = 1320;
				LastUpgradeCheck = 1320;
				TargetAttributes = {
					BDC771BD2C8E1012002D836A = {
						CreatedOnToolsVersion = 13.2.1;
					};
				};
			};
			buildConfigurationList = BDC771B92C8E1012002D836A /* Build configuration list for PBXProject "HigherBlue" */;
			compatibilityVersion = "Xcode 13.0";
			developmentRegion = en;
			hasScannedForEncodings = 0;
			knownRegions = (
				en,
				Base,
			);
			mainGroup = BDC771B52C8E1012002D836A;
			productRefGroup = BDC771BF2C8E1012002D836A /* Products */;
			projectDirPath = "";
			projectRoot = "";
			targets = (
				BDC771BD2C8E1012002D836A /* HigherBlue */,
			);
		};
/* End PBXProject section */

/* Begin PBXResourcesBuildPhase section */
		BDC771BC2C8E1012002D836A /* Resources */ = {
			isa = PBXResourcesBuildPhase;
			buildActionMask = 2147483647;
			files = (
				BDC771DF2C8E1281002D836A /* Assets.xcassets in Resources */,
				BDC771C92C8E1014002D836A /* Preview Assets.xcassets in Resources */,
			);
			runOnlyForDeploymentPostprocessing = 0;
		};
/* End PBXResourcesBuildPhase section */

/* Begin PBXSourcesBuildPhase section */
		BDC771BA2C8E1012002D836A /* Sources */ = {
			isa = PBXSourcesBuildPhase;
			buildActionMask = 2147483647;
			files = (
				BDC771C42C8E1012002D836A /* ContentView.swift in Sources */,
				BDC771C22C8E1012002D836A /* HigherBlueApp.swift in Sources */,
				BDC771D72C8E1156002D836A /* LocationsView.swift in Sources */,
				BDC771DD2C8E11C8002D836A /* LocationsViewModel.swift in Sources */,
				BDC771D42C8E10F1002D836A /* Locations.swift in Sources */,
				BD76A1852C8E4B0700BF44F6 /* LocationsListVIew.swift in Sources */,
				BDC771D12C8E10B4002D836A /* LocationsDataService.swift in Sources */,
				BDC771DA2C8E1187002D836A /* SplashScreenView.swift in Sources */,
			);
			runOnlyForDeploymentPostprocessing = 0;
		};
/* End PBXSourcesBuildPhase section */

/* Begin XCBuildConfiguration section */
		BDC771CA2C8E1014002D836A /* Debug */ = {
			isa = XCBuildConfiguration;
			buildSettings = {
				ALWAYS_SEARCH_USER_PATHS = NO;
				CLANG_ANALYZER_NONNULL = YES;
				CLANG_ANALYZER_NUMBER_OBJECT_CONVERSION = YES_AGGRESSIVE;
				CLANG_CXX_LANGUAGE_STANDARD = "gnu++17";
				CLANG_CXX_LIBRARY = "libc++";
				CLANG_ENABLE_MODULES = YES;
				CLANG_ENABLE_OBJC_ARC = YES;
				CLANG_ENABLE_OBJC_WEAK = YES;
				CLANG_WARN_BLOCK_CAPTURE_AUTORELEASING = YES;
				CLANG_WARN_BOOL_CONVERSION = YES;
				CLANG_WARN_COMMA = YES;
				CLANG_WARN_CONSTANT_CONVERSION = YES;
				CLANG_WARN_DEPRECATED_OBJC_IMPLEMENTATIONS = YES;
				CLANG_WARN_DIRECT_OBJC_ISA_USAGE = YES_ERROR;
				CLANG_WARN_DOCUMENTATION_COMMENTS = YES;
				CLANG_WARN_EMPTY_BODY = YES;
				CLANG_WARN_ENUM_CONVERSION = YES;
				CLANG_WARN_INFINITE_RECURSION = YES;
				CLANG_WARN_INT_CONVERSION = YES;
				CLANG_WARN_NON_LITERAL_NULL_CONVERSION = YES;
				CLANG_WARN_OBJC_IMPLICIT_RETAIN_SELF = YES;
				CLANG_WARN_OBJC_LITERAL_CONVERSION = YES;
				CLANG_WARN_OBJC_ROOT_CLASS = YES_ERROR;
				CLANG_WARN_QUOTED_INCLUDE_IN_FRAMEWORK_HEADER = YES;
				CLANG_WARN_RANGE_LOOP_ANALYSIS = YES;
				CLANG_WARN_STRICT_PROTOTYPES = YES;
				CLANG_WARN_SUSPICIOUS_MOVE = YES;
				CLANG_WARN_UNGUARDED_AVAILABILITY = YES_AGGRESSIVE;
				CLANG_WARN_UNREACHABLE_CODE = YES;
				CLANG_WARN__DUPLICATE_METHOD_MATCH = YES;
				COPY_PHASE_STRIP = NO;
				DEBUG_INFORMATION_FORMAT = dwarf;
				ENABLE_STRICT_OBJC_MSGSEND = YES;
				ENABLE_TESTABILITY = YES;
				GCC_C_LANGUAGE_STANDARD = gnu11;
				GCC_DYNAMIC_NO_PIC = NO;
				GCC_NO_COMMON_BLOCKS = YES;
				GCC_OPTIMIZATION_LEVEL = 0;
				GCC_PREPROCESSOR_DEFINITIONS = (
					"DEBUG=1",
					"$(inherited)",
				);
				GCC_WARN_64_TO_32_BIT_CONVERSION = YES;
				GCC_WARN_ABOUT_RETURN_TYPE = YES_ERROR;
				GCC_WARN_UNDECLARED_SELECTOR = YES;
				GCC_WARN_UNINITIALIZED_AUTOS = YES_AGGRESSIVE;
				GCC_WARN_UNUSED_FUNCTION = YES;
				GCC_WARN_UNUSED_VARIABLE = YES;
				IPHONEOS_DEPLOYMENT_TARGET = 15.2;
				MTL_ENABLE_DEBUG_INFO = INCLUDE_SOURCE;
				MTL_FAST_MATH = YES;
				ONLY_ACTIVE_ARCH = YES;
				SDKROOT = iphoneos;
				SWIFT_ACTIVE_COMPILATION_CONDITIONS = DEBUG;
				SWIFT_OPTIMIZATION_LEVEL = "-Onone";
			};
			name = Debug;
		};
		BDC771CB2C8E1014002D836A /* Release */ = {
			isa = XCBuildConfiguration;
			buildSettings = {
				ALWAYS_SEARCH_USER_PATHS = NO;
				CLANG_ANALYZER_NONNULL = YES;
				CLANG_ANALYZER_NUMBER_OBJECT_CONVERSION = YES_AGGRESSIVE;
				CLANG_CXX_LANGUAGE_STANDARD = "gnu++17";
				CLANG_CXX_LIBRARY = "libc++";
				CLANG_ENABLE_MODULES = YES;
				CLANG_ENABLE_OBJC_ARC = YES;
				CLANG_ENABLE_OBJC_WEAK = YES;
				CLANG_WARN_BLOCK_CAPTURE_AUTORELEASING = YES;
				CLANG_WARN_BOOL_CONVERSION = YES;
				CLANG_WARN_COMMA = YES;
				CLANG_WARN_CONSTANT_CONVERSION = YES;
				CLANG_WARN_DEPRECATED_OBJC_IMPLEMENTATIONS = YES;
				CLANG_WARN_DIRECT_OBJC_ISA_USAGE = YES_ERROR;
				CLANG_WARN_DOCUMENTATION_COMMENTS = YES;
				CLANG_WARN_EMPTY_BODY = YES;
				CLANG_WARN_ENUM_CONVERSION = YES;
				CLANG_WARN_INFINITE_RECURSION = YES;
				CLANG_WARN_INT_CONVERSION = YES;
				CLANG_WARN_NON_LITERAL_NULL_CONVERSION = YES;
				CLANG_WARN_OBJC_IMPLICIT_RETAIN_SELF = YES;
				CLANG_WARN_OBJC_LITERAL_CONVERSION = YES;
				CLANG_WARN_OBJC_ROOT_CLASS = YES_ERROR;
				CLANG_WARN_QUOTED_INCLUDE_IN_FRAMEWORK_HEADER = YES;
				CLANG_WARN_RANGE_LOOP_ANALYSIS = YES;
				CLANG_WARN_STRICT_PROTOTYPES = YES;
				CLANG_WARN_SUSPICIOUS_MOVE = YES;
				CLANG_WARN_UNGUARDED_AVAILABILITY = YES_AGGRESSIVE;
				CLANG_WARN_UNREACHABLE_CODE = YES;
				CLANG_WARN__DUPLICATE_METHOD_MATCH = YES;
				COPY_PHASE_STRIP = NO;
				DEBUG_INFORMATION_FORMAT = "dwarf-with-dsym";
				ENABLE_NS_ASSERTIONS = NO;
				ENABLE_STRICT_OBJC_MSGSEND = YES;
				GCC_C_LANGUAGE_STANDARD = gnu11;
				GCC_NO_COMMON_BLOCKS = YES;
				GCC_WARN_64_TO_32_BIT_CONVERSION = YES;
				GCC_WARN_ABOUT_RETURN_TYPE = YES_ERROR;
				GCC_WARN_UNDECLARED_SELECTOR = YES;
				GCC_WARN_UNINITIALIZED_AUTOS = YES_AGGRESSIVE;
				GCC_WARN_UNUSED_FUNCTION = YES;
				GCC_WARN_UNUSED_VARIABLE = YES;
				IPHONEOS_DEPLOYMENT_TARGET = 15.2;
				MTL_ENABLE_DEBUG_INFO = NO;
				MTL_FAST_MATH = YES;
				SDKROOT = iphoneos;
				SWIFT_COMPILATION_MODE = wholemodule;
				SWIFT_OPTIMIZATION_LEVEL = "-O";
				VALIDATE_PRODUCT = YES;
			};
			name = Release;
		};
		BDC771CD2C8E1014002D836A /* Debug */ = {
			isa = XCBuildConfiguration;
			buildSettings = {
				ASSETCATALOG_COMPILER_APPICON_NAME = AppIcon;
				ASSETCATALOG_COMPILER_GLOBAL_ACCENT_COLOR_NAME = AccentColor;
				CODE_SIGN_STYLE = Automatic;
				CURRENT_PROJECT_VERSION = 1;
				DEVELOPMENT_ASSET_PATHS = "\"HigherBlue/Preview Content\"";
				DEVELOPMENT_TEAM = 968HAR7Y4Y;
				ENABLE_PREVIEWS = YES;
				GENERATE_INFOPLIST_FILE = YES;
				INFOPLIST_KEY_UIApplicationSceneManifest_Generation = YES;
				INFOPLIST_KEY_UIApplicationSupportsIndirectInputEvents = YES;
				INFOPLIST_KEY_UILaunchScreen_Generation = YES;
				INFOPLIST_KEY_UISupportedInterfaceOrientations_iPad = "UIInterfaceOrientationPortrait UIInterfaceOrientationPortraitUpsideDown UIInterfaceOrientationLandscapeLeft UIInterfaceOrientationLandscapeRight";
				INFOPLIST_KEY_UISupportedInterfaceOrientations_iPhone = "UIInterfaceOrientationPortrait UIInterfaceOrientationLandscapeLeft UIInterfaceOrientationLandscapeRight";
				LD_RUNPATH_SEARCH_PATHS = (
					"$(inherited)",
					"@executable_path/Frameworks",
				);
				MARKETING_VERSION = 1.0;
				PRODUCT_BUNDLE_IDENTIFIER = com.kfukutom.HigherBlue;
				PRODUCT_NAME = "$(TARGET_NAME)";
				SWIFT_EMIT_LOC_STRINGS = YES;
				SWIFT_VERSION = 5.0;
				TARGETED_DEVICE_FAMILY = "1,2";
			};
			name = Debug;
		};
		BDC771CE2C8E1014002D836A /* Release */ = {
			isa = XCBuildConfiguration;
			buildSettings = {
				ASSETCATALOG_COMPILER_APPICON_NAME = AppIcon;
				ASSETCATALOG_COMPILER_GLOBAL_ACCENT_COLOR_NAME = AccentColor;
				CODE_SIGN_STYLE = Automatic;
				CURRENT_PROJECT_VERSION = 1;
				DEVELOPMENT_ASSET_PATHS = "\"HigherBlue/Preview Content\"";
				DEVELOPMENT_TEAM = 968HAR7Y4Y;
				ENABLE_PREVIEWS = YES;
				GENERATE_INFOPLIST_FILE = YES;
				INFOPLIST_KEY_UIApplicationSceneManifest_Generation = YES;
				INFOPLIST_KEY_UIApplicationSupportsIndirectInputEvents = YES;
				INFOPLIST_KEY_UILaunchScreen_Generation = YES;
				INFOPLIST_KEY_UISupportedInterfaceOrientations_iPad = "UIInterfaceOrientationPortrait UIInterfaceOrientationPortraitUpsideDown UIInterfaceOrientationLandscapeLeft UIInterfaceOrientationLandscapeRight";
				INFOPLIST_KEY_UISupportedInterfaceOrientations_iPhone = "UIInterfaceOrientationPortrait UIInterfaceOrientationLandscapeLeft UIInterfaceOrientationLandscapeRight";
				LD_RUNPATH_SEARCH_PATHS = (
					"$(inherited)",
					"@executable_path/Frameworks",
				);
				MARKETING_VERSION = 1.0;
				PRODUCT_BUNDLE_IDENTIFIER = com.kfukutom.HigherBlue;
				PRODUCT_NAME = "$(TARGET_NAME)";
				SWIFT_EMIT_LOC_STRINGS = YES;
				SWIFT_VERSION = 5.0;
				TARGETED_DEVICE_FAMILY = "1,2";
			};
			name = Release;
		};
/* End XCBuildConfiguration section */

/* Begin XCConfigurationList section */
		BDC771B92C8E1012002D836A /* Build configuration list for PBXProject "HigherBlue" */ = {
			isa = XCConfigurationList;
			buildConfigurations = (
				BDC771CA2C8E1014002D836A /* Debug */,
				BDC771CB2C8E1014002D836A /* Release */,
			);
			defaultConfigurationIsVisible = 0;
			defaultConfigurationName = Release;
		};
		BDC771CC2C8E1014002D836A /* Build configuration list for PBXNativeTarget "HigherBlue" */ = {
			isa = XCConfigurationList;
			buildConfigurations = (
				BDC771CD2C8E1014002D836A /* Debug */,
				BDC771CE2C8E1014002D836A /* Release */,
			);
			defaultConfigurationIsVisible = 0;
			defaultConfigurationName = Release;
		};
/* End XCConfigurationList section */
	};
	rootObject = BDC771B62C8E1012002D836A /* Project object */;
}
